
Microsoft Visual Studio Solution File, Format Version 12.00
# Visual Studio Version 17
VisualStudioVersion = 17.9.34616.47
MinimumVisualStudioVersion = 10.0.40219.1
Project("{FAE04EC0-301F-11D3-BF4B-00C04F79EFBC}") = "Movies.API", "Movies.API\Movies.API.csproj", "{A18CE266-3318-4204-A2D4-B881E8D98AFF}"
EndProject
Global
	GlobalSection(SolutionConfigurationPlatforms) = preSolution
		Debug|Any CPU = Debug|Any CPU
		Release|Any CPU = Release|Any CPU
	EndGlobalSection
	GlobalSection(ProjectConfigurationPlatforms) = postSolution
		{A18CE266-3318-4204-A2D4-B881E8D98AFF}.Debug|Any CPU.ActiveCfg = Debug|Any CPU
		{A18CE266-3318-4204-A2D4-B881E8D98AFF}.Debug|Any CPU.Build.0 = Debug|Any CPU
		{A18CE266-3318-4204-A2D4-B881E8D98AFF}.Release|Any CPU.ActiveCfg = Release|Any CPU
		{A18CE266-3318-4204-A2D4-B881E8D98AFF}.Release|Any CPU.Build.0 = Release|Any CPU
	EndGlobalSection
	GlobalSection(SolutionProperties) = preSolution
		HideSolutionNode = FALSE
	EndGlobalSection
	GlobalSection(ExtensibilityGlobals) = postSolution
		SolutionGuid = {DA451344-3237-4202-8BB0-1FCB1C72F38A}
	EndGlobalSection
EndGlobal
